
Microsoft Visual Studio Solution File, Format Version 12.00
# Visual Studio Version 16
VisualStudioVersion = 16.0.31025.194
MinimumVisualStudioVersion = 10.0.40219.1
Project("{8BC9CEB8-8B4A-11D0-8D11-00A0C91BC942}") = "hw2-windows", "hw2-windows\hw2-windows.vcxproj", "{F2DEA708-5DF8-4FDD-8F7B-C78B23859C97}"
EndProject
Global
	GlobalSection(SolutionConfigurationPlatforms) = preSolution
		Debug|Win32 = Debug|Win32
		Debug|x64 = Debug|x64
		Release|Win32 = Release|Win32
		Release|x64 = Release|x64
	EndGlobalSection
	GlobalSection(ProjectConfigurationPlatforms) = postSolution
		{F2DEA708-5DF8-4FDD-8F7B-C78B23859C97}.Debug|Win32.ActiveCfg = Debug|x64
		{F2DEA708-5DF8-4FDD-8F7B-C78B23859C97}.Debug|Win32.Build.0 = Debug|x64
		{F2DEA708-5DF8-4FDD-8F7B-C78B23859C97}.Debug|x64.ActiveCfg = Debug|x64
		{F2DEA708-5DF8-4FDD-8F7B-C78B23859C97}.Debug|x64.Build.0 = Debug|x64
		{F2DEA708-5DF8-4FDD-8F7B-C78B23859C97}.Release|Win32.ActiveCfg = Release|x64
		{F2DEA708-5DF8-4FDD-8F7B-C78B23859C97}.Release|Win32.Build.0 = Release|x64
		{F2DEA708-5DF8-4FDD-8F7B-C78B23859C97}.Release|x64.ActiveCfg = Release|x64
		{F2DEA708-5DF8-4FDD-8F7B-C78B23859C97}.Release|x64.Build.0 = Release|x64
	EndGlobalSection
	GlobalSection(SolutionProperties) = preSolution
		HideSolutionNode = FALSE
	EndGlobalSection
	GlobalSection(ExtensibilityGlobals) = postSolution
		SolutionGuid = {6A29301F-E50C-4970-AD3D-BE61910E13D2}
	EndGlobalSection
EndGlobal
